
Microsoft Visual Studio Solution File, Format Version 12.00
# Visual Studio Version 17
VisualStudioVersion = 17.3.32901.215
MinimumVisualStudioVersion = 10.0.40219.1
Project("{8BC9CEB8-8B4A-11D0-8D11-00A0C91BC942}") = "upnp_static", "pupnp\build\upnp\upnp_static.vcxproj", "{56E9515C-14FE-34BB-B8D4-9BB0E97EDF8C}"
	ProjectSection(ProjectDependencies) = postProject
		{6C6E747F-85C0-4B22-8729-C8A79FC73B51} = {6C6E747F-85C0-4B22-8729-C8A79FC73B51}
	EndProjectSection
EndProject
Project("{8BC9CEB8-8B4A-11D0-8D11-00A0C91BC942}") = "ixml_static", "pupnp\build\ixml\ixml_static.vcxproj", "{D2680535-A494-370E-A2C9-D449113933B2}"
	ProjectSection(ProjectDependencies) = postProject
		{12382D6D-3FBC-3993-96AA-0E06792F95D5} = {12382D6D-3FBC-3993-96AA-0E06792F95D5}
		{6C6E747F-85C0-4B22-8729-C8A79FC73B51} = {6C6E747F-85C0-4B22-8729-C8A79FC73B51}
	EndProjectSection
EndProject
Project("{8BC9CEB8-8B4A-11D0-8D11-00A0C91BC942}") = "pthreadVC-static", "pupnp\build\_deps\cmdab_pthreads4w-build\pthreadVC-static.vcxproj", "{12382D6D-3FBC-3993-96AA-0E06792F95D5}"
EndProject
Project("{8BC9CEB8-8B4A-11D0-8D11-00A0C91BC942}") = "_first", "_first.vcxproj", "{6C6E747F-85C0-4B22-8729-C8A79FC73B51}"
EndProject
Project("{8BC9CEB8-8B4A-11D0-8D11-00A0C91BC942}") = "_last", "_last.vcxproj", "{B00DF1B2-7F27-451B-A436-4E16A2966DB5}"
	ProjectSection(ProjectDependencies) = postProject
		{56E9515C-14FE-34BB-B8D4-9BB0E97EDF8C} = {56E9515C-14FE-34BB-B8D4-9BB0E97EDF8C}
		{D2680535-A494-370E-A2C9-D449113933B2} = {D2680535-A494-370E-A2C9-D449113933B2}
	EndProjectSection
EndProject
Global
	GlobalSection(SolutionConfigurationPlatforms) = preSolution
		Debug|x64 = Debug|x64
		Debug|x86 = Debug|x86
		Release|x64 = Release|x64
		Release|x86 = Release|x86
	EndGlobalSection
	GlobalSection(ProjectConfigurationPlatforms) = postSolution
		{56E9515C-14FE-34BB-B8D4-9BB0E97EDF8C}.Debug|x64.ActiveCfg = Debug|Win32
		{56E9515C-14FE-34BB-B8D4-9BB0E97EDF8C}.Debug|x64.Build.0 = Debug|Win32
		{56E9515C-14FE-34BB-B8D4-9BB0E97EDF8C}.Debug|x86.ActiveCfg = Debug|Win32
		{56E9515C-14FE-34BB-B8D4-9BB0E97EDF8C}.Debug|x86.Build.0 = Debug|Win32
		{56E9515C-14FE-34BB-B8D4-9BB0E97EDF8C}.Release|x64.ActiveCfg = Release|Win32
		{56E9515C-14FE-34BB-B8D4-9BB0E97EDF8C}.Release|x64.Build.0 = Release|Win32
		{56E9515C-14FE-34BB-B8D4-9BB0E97EDF8C}.Release|x86.ActiveCfg = Release|Win32
		{56E9515C-14FE-34BB-B8D4-9BB0E97EDF8C}.Release|x86.Build.0 = Release|Win32
		{D2680535-A494-370E-A2C9-D449113933B2}.Debug|x64.ActiveCfg = Debug|Win32
		{D2680535-A494-370E-A2C9-D449113933B2}.Debug|x64.Build.0 = Debug|Win32
		{D2680535-A494-370E-A2C9-D449113933B2}.Debug|x86.ActiveCfg = Debug|Win32
		{D2680535-A494-370E-A2C9-D449113933B2}.Debug|x86.Build.0 = Debug|Win32
		{D2680535-A494-370E-A2C9-D449113933B2}.Release|x64.ActiveCfg = Release|Win32
		{D2680535-A494-370E-A2C9-D449113933B2}.Release|x64.Build.0 = Release|Win32
		{D2680535-A494-370E-A2C9-D449113933B2}.Release|x86.ActiveCfg = Release|Win32
		{D2680535-A494-370E-A2C9-D449113933B2}.Release|x86.Build.0 = Release|Win32
		{12382D6D-3FBC-3993-96AA-0E06792F95D5}.Debug|x64.ActiveCfg = Debug|Win32
		{12382D6D-3FBC-3993-96AA-0E06792F95D5}.Debug|x64.Build.0 = Debug|Win32
		{12382D6D-3FBC-3993-96AA-0E06792F95D5}.Debug|x86.ActiveCfg = Debug|Win32
		{12382D6D-3FBC-3993-96AA-0E06792F95D5}.Debug|x86.Build.0 = Debug|Win32
		{12382D6D-3FBC-3993-96AA-0E06792F95D5}.Release|x64.ActiveCfg = Release|Win32
		{12382D6D-3FBC-3993-96AA-0E06792F95D5}.Release|x64.Build.0 = Release|Win32
		{12382D6D-3FBC-3993-96AA-0E06792F95D5}.Release|x86.ActiveCfg = Release|Win32
		{12382D6D-3FBC-3993-96AA-0E06792F95D5}.Release|x86.Build.0 = Release|Win32
		{6C6E747F-85C0-4B22-8729-C8A79FC73B51}.Debug|x64.ActiveCfg = Debug|x64
		{6C6E747F-85C0-4B22-8729-C8A79FC73B51}.Debug|x64.Build.0 = Debug|x64
		{6C6E747F-85C0-4B22-8729-C8A79FC73B51}.Debug|x86.ActiveCfg = Debug|Win32
		{6C6E747F-85C0-4B22-8729-C8A79FC73B51}.Debug|x86.Build.0 = Debug|Win32
		{6C6E747F-85C0-4B22-8729-C8A79FC73B51}.Release|x64.ActiveCfg = Release|x64
		{6C6E747F-85C0-4B22-8729-C8A79FC73B51}.Release|x64.Build.0 = Release|x64
		{6C6E747F-85C0-4B22-8729-C8A79FC73B51}.Release|x86.ActiveCfg = Release|Win32
		{6C6E747F-85C0-4B22-8729-C8A79FC73B51}.Release|x86.Build.0 = Release|Win32
		{B00DF1B2-7F27-451B-A436-4E16A2966DB5}.Debug|x64.ActiveCfg = Debug|x64
		{B00DF1B2-7F27-451B-A436-4E16A2966DB5}.Debug|x64.Build.0 = Debug|x64
		{B00DF1B2-7F27-451B-A436-4E16A2966DB5}.Debug|x86.ActiveCfg = Debug|Win32
		{B00DF1B2-7F27-451B-A436-4E16A2966DB5}.Debug|x86.Build.0 = Debug|Win32
		{B00DF1B2-7F27-451B-A436-4E16A2966DB5}.Release|x64.ActiveCfg = Release|x64
		{B00DF1B2-7F27-451B-A436-4E16A2966DB5}.Release|x64.Build.0 = Release|x64
		{B00DF1B2-7F27-451B-A436-4E16A2966DB5}.Release|x86.ActiveCfg = Release|Win32
		{B00DF1B2-7F27-451B-A436-4E16A2966DB5}.Release|x86.Build.0 = Release|Win32
	EndGlobalSection
	GlobalSection(SolutionProperties) = preSolution
		HideSolutionNode = FALSE
	EndGlobalSection
	GlobalSection(ExtensibilityGlobals) = postSolution
		SolutionGuid = {BE358337-1616-4D9B-A219-485D3C7A3972}
	EndGlobalSection
EndGlobal
